
Microsoft Visual Studio Solution File, Format Version 12.00
# Visual Studio Version 17
VisualStudioVersion = 17.2.32602.215
MinimumVisualStudioVersion = 10.0.40219.1
Project("{FAE04EC0-301F-11D3-BF4B-00C04F79EFBC}") = "ProductsApp", "ProductsApp.csproj", "{1E32E345-90F1-40A3-9303-B761C68E46F3}"
EndProject
Global
	GlobalSection(SolutionConfigurationPlatforms) = preSolution
		Debug|Any CPU = Debug|Any CPU
		Release|Any CPU = Release|Any CPU
	EndGlobalSection
	GlobalSection(ProjectConfigurationPlatforms) = postSolution
		{1E32E345-90F1-40A3-9303-B761C68E46F3}.Debug|Any CPU.ActiveCfg = Debug|Any CPU
		{1E32E345-90F1-40A3-9303-B761C68E46F3}.Debug|Any CPU.Build.0 = Debug|Any CPU
		{1E32E345-90F1-40A3-9303-B761C68E46F3}.Release|Any CPU.ActiveCfg = Release|Any CPU
		{1E32E345-90F1-40A3-9303-B761C68E46F3}.Release|Any CPU.Build.0 = Release|Any CPU
	EndGlobalSection
	GlobalSection(SolutionProperties) = preSolution
		HideSolutionNode = FALSE
	EndGlobalSection
	GlobalSection(ExtensibilityGlobals) = postSolution
		SolutionGuid = {41E4D7DF-007F-480D-8220-BDF6EDA8938D}
	EndGlobalSection
EndGlobal
